# generated by rye
# use `rye lock` or `rye sync` to update this lockfile
#
# last locked with the following flags:
#   pre: false
#   features: []
#   all-features: false
#   with-sources: false
#   generate-hashes: false
#   universal: false

-e file:.
certifi==2025.4.26
    # via requests
charset-normalizer==3.4.1
    # via requests
colorama==0.4.6
    # via pytest
dotenv==0.9.9
    # via currencyconverter
idna==3.10
    # via requests
iniconfig==2.1.0
    # via pytest
packaging==25.0
    # via pytest
pluggy==1.5.0
    # via pytest
pytest==8.3.5
    # via pytest-dotenv
pytest-dotenv==0.5.2
python-dotenv==1.1.0
    # via dotenv
    # via pytest-dotenv
requests==2.32.3
    # via currencyconverter
ruff==0.11.7
urllib3==2.4.0
    # via requests
